# THIS IS AN AUTOGENERATED FILE. DO NOT EDIT THIS FILE DIRECTLY.
# yarn lockfile v1
"@types/colors":
  version "0.6.33"
  resolved "https://registry.yarnpkg.com/@types/colors/-/colors-0.6.33.tgz#17dada5971c395259490d6c83d7c182cf6e9ce55"

"@types/deep-assign":
  version "0.1.0"
  resolved "https://registry.yarnpkg.com/@types/deep-assign/-/deep-assign-0.1.0.tgz#fc32522f9611b6ddfbdf546841383d52db5254bf"

"@types/glob":
  version "5.0.30"
  resolved "https://registry.yarnpkg.com/@types/glob/-/glob-5.0.30.tgz#1026409c5625a8689074602808d082b2867b8a51"
  dependencies:
    "@types/minimatch" "*"
    "@types/node" "*"

"@types/jasmine":
  version "2.5.35"
  resolved "https://registry.yarnpkg.com/@types/jasmine/-/jasmine-2.5.35.tgz#5566406dc8417d380d6c2f9562ec3c71ec28ef78"

"@types/minimatch@*":
  version "2.0.29"
  resolved "https://registry.yarnpkg.com/@types/minimatch/-/minimatch-2.0.29.tgz#5002e14f75e2d71e564281df0431c8c1b4a2a36a"

"@types/moment-duration-format":
  version "1.3.1"
  resolved "https://registry.yarnpkg.com/@types/moment-duration-format/-/moment-duration-format-1.3.1.tgz#6509272e6a6f3a5d0cb64439379711dd669876db"

"@types/node", "@types/node@*":
  version "6.0.45"
  resolved "https://registry.yarnpkg.com/@types/node/-/node-6.0.45.tgz#c4842a9d653d767831e4ff495b6008cc0d579966"

"@types/node-notifier":
  version "0.0.28"
  resolved "https://registry.yarnpkg.com/@types/node-notifier/-/node-notifier-0.0.28.tgz#86ba3d3aa8d918352cc3191d88de328b20dc93c1"
  dependencies:
    "@types/node" "*"

"@types/opn":
  version "3.0.28"
  resolved "https://registry.yarnpkg.com/@types/opn/-/opn-3.0.28.tgz#097d0d1c9b5749573a5d96df132387bb6d02118a"
  dependencies:
    "@types/node" "*"

ansi-regex@^2.0.0:
  version "2.0.0"
  resolved "https://registry.yarnpkg.com/ansi-regex/-/ansi-regex-2.0.0.tgz#c5061b6e0ef8a81775e50f5d66151bf6bf371107"

ansi-styles@^2.2.1:
  version "2.2.1"
  resolved "https://registry.yarnpkg.com/ansi-styles/-/ansi-styles-2.2.1.tgz#b432dd3358b634cf75e1e4664368240533c1ddbe"

ansicolors@~0.2.1:
  version "0.2.1"
  resolved "https://registry.yarnpkg.com/ansicolors/-/ansicolors-0.2.1.tgz#be089599097b74a5c9c4a84a0cdbcdb62bd87aef"

balanced-match@^0.4.1:
  version "0.4.2"
  resolved "https://registry.yarnpkg.com/balanced-match/-/balanced-match-0.4.2.tgz#cb3f3e3c732dc0f01ee70b403f302e61d7709838"

brace-expansion@^1.0.0:
  version "1.1.6"
  resolved "https://registry.yarnpkg.com/brace-expansion/-/brace-expansion-1.1.6.tgz#7197d7eaa9b87e648390ea61fc66c84427420df9"
  dependencies:
    balanced-match "^0.4.1"
    concat-map "0.0.1"

cardinal@^1.0.0:
  version "1.0.0"
  resolved "https://registry.yarnpkg.com/cardinal/-/cardinal-1.0.0.tgz#50e21c1b0aa37729f9377def196b5a9cec932ee9"
  dependencies:
    ansicolors "~0.2.1"
    redeyed "~1.0.0"

chalk@^1.0.0:
  version "1.1.3"
  resolved "https://registry.yarnpkg.com/chalk/-/chalk-1.1.3.tgz#a8115c55e4a702fe4d150abd3872822a7e09fc98"
  dependencies:
    ansi-styles "^2.2.1"
    escape-string-regexp "^1.0.2"
    has-ansi "^2.0.0"
    strip-ansi "^3.0.0"
    supports-color "^2.0.0"

cli-table@^0.3.1:
  version "0.3.1"
  resolved "https://registry.yarnpkg.com/cli-table/-/cli-table-0.3.1.tgz#f53b05266a8b1a0b934b3d0821e6e2dc5914ae23"
  dependencies:
    colors "1.0.3"

cli-usage@^0.1.1:
  version "0.1.4"
  resolved "https://registry.yarnpkg.com/cli-usage/-/cli-usage-0.1.4.tgz#7c01e0dc706c234b39c933838c8e20b2175776e2"
  dependencies:
    marked "^0.3.6"
    marked-terminal "^1.6.2"

clone:
  version "2.0.0"
  resolved "https://registry.yarnpkg.com/clone/-/clone-2.0.0.tgz#df65d3ca142e4a4a47db33da3468d088a16fc76e"

colors:
  version "1.1.2"
  resolved "https://registry.yarnpkg.com/colors/-/colors-1.1.2.tgz#168a4701756b6a7f51a12ce0c97bfa28c084ed63"

colors@1.0.3:
  version "1.0.3"
  resolved "https://registry.yarnpkg.com/colors/-/colors-1.0.3.tgz#0433f44d809680fdeb60ed260f1b0c262e82a40b"

concat-map@0.0.1:
  version "0.0.1"
  resolved "https://registry.yarnpkg.com/concat-map/-/concat-map-0.0.1.tgz#d8a96bd77fd68df7793a73036a3ba0d5405d477b"

deep-assign:
  version "2.0.0"
  resolved "https://registry.yarnpkg.com/deep-assign/-/deep-assign-2.0.0.tgz#ebe06b1f07f08dae597620e3dd1622f371a1c572"
  dependencies:
    is-obj "^1.0.0"

escape-string-regexp@^1.0.2:
  version "1.0.5"
  resolved "https://registry.yarnpkg.com/escape-string-regexp/-/escape-string-regexp-1.0.5.tgz#1b61c0562190a8dff6ae3bb2cf0200ca130b86d4"

esprima@~2.7.0:
  version "2.7.3"
  resolved "https://registry.yarnpkg.com/esprima/-/esprima-2.7.3.tgz#96e3b70d5779f6ad49cd032673d1c312767ba581"

fs.realpath@^1.0.0:
  version "1.0.0"
  resolved "https://registry.yarnpkg.com/fs.realpath/-/fs.realpath-1.0.0.tgz#1504ad2523158caa40db4a2787cb01411994ea4f"

glob:
  version "7.1.1"
  resolved "https://registry.yarnpkg.com/glob/-/glob-7.1.1.tgz#805211df04faaf1c63a3600306cdf5ade50b2ec8"
  dependencies:
    fs.realpath "^1.0.0"
    inflight "^1.0.4"
    inherits "2"
    minimatch "^3.0.2"
    once "^1.3.0"
    path-is-absolute "^1.0.0"

growly@^1.2.0:
  version "1.3.0"
  resolved "https://registry.yarnpkg.com/growly/-/growly-1.3.0.tgz#f10748cbe76af964b7c96c93c6bcc28af120c081"

has-ansi@^2.0.0:
  version "2.0.0"
  resolved "https://registry.yarnpkg.com/has-ansi/-/has-ansi-2.0.0.tgz#34f5049ce1ecdf2b0649af3ef24e45ed35416d91"
  dependencies:
    ansi-regex "^2.0.0"

inflight@^1.0.4:
  version "1.0.6"
  resolved "https://registry.yarnpkg.com/inflight/-/inflight-1.0.6.tgz#49bd6331d7d02d0c09bc910a1075ba8165b56df9"
  dependencies:
    once "^1.3.0"
    wrappy "1"

inherits@2:
  version "2.0.3"
  resolved "https://registry.yarnpkg.com/inherits/-/inherits-2.0.3.tgz#633c2c83e3da42a502f52466022480f4208261de"

is-obj@^1.0.0:
  version "1.0.1"
  resolved "https://registry.yarnpkg.com/is-obj/-/is-obj-1.0.1.tgz#3e4729ac1f5fde025cd7d83a896dab9f4f67db0f"

isexe@^1.1.1:
  version "1.1.2"
  resolved "https://registry.yarnpkg.com/isexe/-/isexe-1.1.2.tgz#36f3e22e60750920f5e7241a476a8c6a42275ad0"

lodash._arraycopy@^3.0.0:
  version "3.0.0"
  resolved "https://registry.yarnpkg.com/lodash._arraycopy/-/lodash._arraycopy-3.0.0.tgz#76e7b7c1f1fb92547374878a562ed06a3e50f6e1"

lodash._arrayeach@^3.0.0:
  version "3.0.0"
  resolved "https://registry.yarnpkg.com/lodash._arrayeach/-/lodash._arrayeach-3.0.0.tgz#bab156b2a90d3f1bbd5c653403349e5e5933ef9e"

lodash._baseassign@^3.0.0:
  version "3.2.0"
  resolved "https://registry.yarnpkg.com/lodash._baseassign/-/lodash._baseassign-3.2.0.tgz#8c38a099500f215ad09e59f1722fd0c52bfe0a4e"
  dependencies:
    lodash._basecopy "^3.0.0"
    lodash.keys "^3.0.0"

lodash._baseclone@^3.0.0:
  version "3.3.0"
  resolved "https://registry.yarnpkg.com/lodash._baseclone/-/lodash._baseclone-3.3.0.tgz#303519bf6393fe7e42f34d8b630ef7794e3542b7"
  dependencies:
    lodash._arraycopy "^3.0.0"
    lodash._arrayeach "^3.0.0"
    lodash._baseassign "^3.0.0"
    lodash._basefor "^3.0.0"
    lodash.isarray "^3.0.0"
    lodash.keys "^3.0.0"

lodash._basecopy@^3.0.0:
  version "3.0.1"
  resolved "https://registry.yarnpkg.com/lodash._basecopy/-/lodash._basecopy-3.0.1.tgz#8da0e6a876cf344c0ad8a54882111dd3c5c7ca36"

lodash._basefor@^3.0.0:
  version "3.0.3"
  resolved "https://registry.yarnpkg.com/lodash._basefor/-/lodash._basefor-3.0.3.tgz#7550b4e9218ef09fad24343b612021c79b4c20c2"

lodash._bindcallback@^3.0.0:
  version "3.0.1"
  resolved "https://registry.yarnpkg.com/lodash._bindcallback/-/lodash._bindcallback-3.0.1.tgz#e531c27644cf8b57a99e17ed95b35c748789392e"

lodash._getnative@^3.0.0:
  version "3.9.1"
  resolved "https://registry.yarnpkg.com/lodash._getnative/-/lodash._getnative-3.9.1.tgz#570bc7dede46d61cdcde687d65d3eecbaa3aaff5"

lodash.assign@^4.2.0:
  version "4.2.0"
  resolved "https://registry.yarnpkg.com/lodash.assign/-/lodash.assign-4.2.0.tgz#0d99f3ccd7a6d261d19bdaeb9245005d285808e7"

lodash.clonedeep@^3.0.0:
  version "3.0.2"
  resolved "https://registry.yarnpkg.com/lodash.clonedeep/-/lodash.clonedeep-3.0.2.tgz#a0a1e40d82a5ea89ff5b147b8444ed63d92827db"
  dependencies:
    lodash._baseclone "^3.0.0"
    lodash._bindcallback "^3.0.0"

lodash.isarguments@^3.0.0:
  version "3.1.0"
  resolved "https://registry.yarnpkg.com/lodash.isarguments/-/lodash.isarguments-3.1.0.tgz#2f573d85c6a24289ff00663b491c1d338ff3458a"

lodash.isarray@^3.0.0:
  version "3.0.4"
  resolved "https://registry.yarnpkg.com/lodash.isarray/-/lodash.isarray-3.0.4.tgz#79e4eb88c36a8122af86f844aa9bcd851b5fbb55"

lodash.keys@^3.0.0:
  version "3.1.2"
  resolved "https://registry.yarnpkg.com/lodash.keys/-/lodash.keys-3.1.2.tgz#4dbc0472b156be50a0b286855d1bd0b0c656098a"
  dependencies:
    lodash._getnative "^3.0.0"
    lodash.isarguments "^3.0.0"
    lodash.isarray "^3.0.0"

marked-terminal@^1.6.2:
  version "1.6.2"
  resolved "https://registry.yarnpkg.com/marked-terminal/-/marked-terminal-1.6.2.tgz#44c128d69b5d9776c848314cdf69d4ec96322973"
  dependencies:
    cardinal "^1.0.0"
    chalk "^1.0.0"
    cli-table "^0.3.1"
    lodash.assign "^4.2.0"
    node-emoji "^1.3.1"

marked@^0.3.6:
  version "0.3.6"
  resolved "https://registry.yarnpkg.com/marked/-/marked-0.3.6.tgz#b2c6c618fccece4ef86c4fc6cb8a7cbf5aeda8d7"

minimatch@^3.0.2:
  version "3.0.3"
  resolved "https://registry.yarnpkg.com/minimatch/-/minimatch-3.0.3.tgz#2a4e4090b96b2db06a9d7df01055a62a77c9b774"
  dependencies:
    brace-expansion "^1.0.0"

minimist@^1.1.1:
  version "1.2.0"
  resolved "https://registry.yarnpkg.com/minimist/-/minimist-1.2.0.tgz#a35008b20f41383eec1fb914f4cd5df79a264284"

moment:
  version "2.15.2"
  resolved "https://registry.yarnpkg.com/moment/-/moment-2.15.2.tgz#1bfdedf6a6e345f322fe956d5df5bd08a8ce84dc"

moment-duration-format:
  version "1.3.0"
  resolved "https://registry.yarnpkg.com/moment-duration-format/-/moment-duration-format-1.3.0.tgz#541771b5f87a049cc65540475d3ad966737d6908"

node-emoji@^1.3.1:
  version "1.4.1"
  resolved "https://registry.yarnpkg.com/node-emoji/-/node-emoji-1.4.1.tgz#c9fa0cf91094335bcb967a6f42b2305c15af2ebc"
  dependencies:
    string.prototype.codepointat "^0.2.0"

node-notifier:
  version "4.6.1"
  resolved "https://registry.yarnpkg.com/node-notifier/-/node-notifier-4.6.1.tgz#056d14244f3dcc1ceadfe68af9cff0c5473a33f3"
  dependencies:
    cli-usage "^0.1.1"
    growly "^1.2.0"
    lodash.clonedeep "^3.0.0"
    minimist "^1.1.1"
    semver "^5.1.0"
    shellwords "^0.1.0"
    which "^1.0.5"

object-assign@^4.0.1:
  version "4.1.0"
  resolved "https://registry.yarnpkg.com/object-assign/-/object-assign-4.1.0.tgz#7a3b3d0e98063d43f4c03f2e8ae6cd51a86883a0"

once@^1.3.0:
  version "1.4.0"
  resolved "https://registry.yarnpkg.com/once/-/once-1.4.0.tgz#583b1aa775961d4b113ac17d9c50baef9dd76bd1"
  dependencies:
    wrappy "1"

opn:
  version "4.0.2"
  resolved "https://registry.yarnpkg.com/opn/-/opn-4.0.2.tgz#7abc22e644dff63b0a96d5ab7f2790c0f01abc95"
  dependencies:
    object-assign "^4.0.1"
    pinkie-promise "^2.0.0"

path-is-absolute@^1.0.0:
  version "1.0.1"
  resolved "https://registry.yarnpkg.com/path-is-absolute/-/path-is-absolute-1.0.1.tgz#174b9268735534ffbc7ace6bf53a5a9e1b5c5f5f"

pinkie-promise@^2.0.0:
  version "2.0.1"
  resolved "https://registry.yarnpkg.com/pinkie-promise/-/pinkie-promise-2.0.1.tgz#2135d6dfa7a358c069ac9b178776288228450ffa"
  dependencies:
    pinkie "^2.0.0"

pinkie@^2.0.0:
  version "2.0.4"
  resolved "https://registry.yarnpkg.com/pinkie/-/pinkie-2.0.4.tgz#72556b80cfa0d48a974e80e77248e80ed4f7f870"

redeyed@~1.0.0:
  version "1.0.0"
  resolved "https://registry.yarnpkg.com/redeyed/-/redeyed-1.0.0.tgz#6ce25045c9e1f9b28c0ae73ce2960c8cb48184b1"
  dependencies:
    esprima "~2.7.0"

semver@^5.1.0:
  version "5.3.0"
  resolved "https://registry.yarnpkg.com/semver/-/semver-5.3.0.tgz#9b2ce5d3de02d17c6012ad326aa6b4d0cf54f94f"

shellwords@^0.1.0:
  version "0.1.0"
  resolved "https://registry.yarnpkg.com/shellwords/-/shellwords-0.1.0.tgz#66afd47b6a12932d9071cbfd98a52e785cd0ba14"

string.prototype.codepointat@^0.2.0:
  version "0.2.0"
  resolved "https://registry.yarnpkg.com/string.prototype.codepointat/-/string.prototype.codepointat-0.2.0.tgz#6b26e9bd3afcaa7be3b4269b526de1b82000ac78"

strip-ansi@^3.0.0:
  version "3.0.1"
  resolved "https://registry.yarnpkg.com/strip-ansi/-/strip-ansi-3.0.1.tgz#6a385fb8853d952d5ff05d0e8aaf94278dc63dcf"
  dependencies:
    ansi-regex "^2.0.0"

supports-color@^2.0.0:
  version "2.0.0"
  resolved "https://registry.yarnpkg.com/supports-color/-/supports-color-2.0.0.tgz#535d045ce6b6363fa40117084629995e9df324c7"

which@^1.0.5:
  version "1.2.11"
  resolved "https://registry.yarnpkg.com/which/-/which-1.2.11.tgz#c8b2eeea6b8c1659fa7c1dd4fdaabe9533dc5e8b"
  dependencies:
    isexe "^1.1.1"

wrappy@1:
  version "1.0.2"
  resolved "https://registry.yarnpkg.com/wrappy/-/wrappy-1.0.2.tgz#b5243d8f3ec1aa35f1364605bc0d1036e30ab69f"

